
Microsoft Visual Studio Solution File, Format Version 12.00
# Visual Studio Version 17
VisualStudioVersion = 17.8.34322.80
MinimumVisualStudioVersion = 10.0.40219.1
Project("{FAE04EC0-301F-11D3-BF4B-00C04F79EFBC}") = "PostfixHesaplayici", "postfix2\PostfixHesaplayici.csproj", "{B780D725-C73D-47A8-82AE-917D06DFBCD0}"
EndProject
Global
	GlobalSection(SolutionConfigurationPlatforms) = preSolution
		Debug|Any CPU = Debug|Any CPU
		Release|Any CPU = Release|Any CPU
	EndGlobalSection
	GlobalSection(ProjectConfigurationPlatforms) = postSolution
		{B780D725-C73D-47A8-82AE-917D06DFBCD0}.Debug|Any CPU.ActiveCfg = Debug|Any CPU
		{B780D725-C73D-47A8-82AE-917D06DFBCD0}.Debug|Any CPU.Build.0 = Debug|Any CPU
		{B780D725-C73D-47A8-82AE-917D06DFBCD0}.Release|Any CPU.ActiveCfg = Release|Any CPU
		{B780D725-C73D-47A8-82AE-917D06DFBCD0}.Release|Any CPU.Build.0 = Release|Any CPU
	EndGlobalSection
	GlobalSection(SolutionProperties) = preSolution
		HideSolutionNode = FALSE
	EndGlobalSection
	GlobalSection(ExtensibilityGlobals) = postSolution
		SolutionGuid = {79EBA168-DF85-4BB9-9C2D-DF8C0154BD06}
	EndGlobalSection
EndGlobal
